{
  "lockfile_version": "1",
  "packages": {
    "go@1.21": {
      "last_modified": "2024-08-31T10:12:23Z",
      "resolved": "github:NixOS/nixpkgs/5629520edecb69630a3f4d17d3d33fc96c13f6fe#go_1_21",
      "source": "devbox-search",
      "version": "1.21.13",
      "systems": {
        "aarch64-darwin": {
          "outputs": [
            {
              "name": "out",
              "path": "/nix/store/gl99v5dwkn84ql806xn4qp1v26g6sawk-go-1.21.13",
              "default": true
            }
          ],
          "store_path": "/nix/store/gl99v5dwkn84ql806xn4qp1v26g6sawk-go-1.21.13"
        },
        "aarch64-linux": {
          "outputs": [
            {
              "name": "out",
              "path": "/nix/store/9ymz1if0mcyddzqrwq2hk3kx6j3wiyan-go-1.21.13",
              "default": true
            }
          ],
          "store_path": "/nix/store/9ymz1if0mcyddzqrwq2hk3kx6j3wiyan-go-1.21.13"
        },
        "x86_64-darwin": {
          "outputs": [
            {
              "name": "out",
              "path": "/nix/store/p8r1wzza61qy2ay5j9frd1zllla7s2iw-go-1.21.13",
              "default": true
            }
          ],
          "store_path": "/nix/store/p8r1wzza61qy2ay5j9frd1zllla7s2iw-go-1.21.13"
        },
        "x86_64-linux": {
          "outputs": [
            {
              "name": "out",
              "path": "/nix/store/a90l6nxkqdlqxzgz5j958rz5gwygbamc-go-1.21.13",
              "default": true
            }
          ],
          "store_path": "/nix/store/a90l6nxkqdlqxzgz5j958rz5gwygbamc-go-1.21.13"
        }
      }
    }
  }
}
